// !$*UTF8*$!
{
	archiveVersion = 1;
	classes = {
	};
	objectVersion = 56;
	objects = {

/* Begin PBXBuildFile section */
		F11E5E7ED3A63BEE8225731A /* AppEnvironment.swift in Sources */ = {isa = PBXBuildFile; fileRef = F11E5E7EB592B8320BC17433 /* AppEnvironment.swift */; };		F11E5E7E1D589697F5D4B27A /* FeatureFlags.swift in Sources */ = {isa = PBXBuildFile; fileRef = F11E5E7EBA8F5B5C15164CE6 /* FeatureFlags.swift */; };		F11E5E7E1BB6E0BCB6F65213 /* DependencyContainer.swift in Sources */ = {isa = PBXBuildFile; fileRef = F11E5E7E5C9F3715DF8C7F36 /* DependencyContainer.swift */; };		F11E5E7EB0B4327419365BC8 /* TranslationModels.swift in Sources */ = {isa = PBXBuildFile; fileRef = F11E5E7E1EA64111281D82BF /* TranslationModels.swift */; };		F11E5E7EB31BA8E4A72EED98 /* TranslationSessionStore.swift in Sources */ = {isa = PBXBuildFile; fileRef = F11E5E7EA609F2103135E759 /* TranslationSessionStore.swift */; };		F11E5E7E966238A3FFC0552D /* HomeView.swift in Sources */ = {isa = PBXBuildFile; fileRef = F11E5E7E5F01EF65DBBFFB0D /* HomeView.swift */; };		F11E5E7E0C21690A1AA9CE6D /* PreflightView.swift in Sources */ = {isa = PBXBuildFile; fileRef = F11E5E7E79087D04D8592E1C /* PreflightView.swift */; };		F11E5E7E07870028C04057A3 /* LiveView.swift in Sources */ = {isa = PBXBuildFile; fileRef = F11E5E7E96D5E173F19101F3 /* LiveView.swift */; };		F11E5E7E4ED83D9AF9BCB1DC /* ResultView.swift in Sources */ = {isa = PBXBuildFile; fileRef = F11E5E7E1BF5A55EB8A3D7FA /* ResultView.swift */; };		F11E5E7E94C6B4B9790B2B84 /* DiagnosticsView.swift in Sources */ = {isa = PBXBuildFile; fileRef = F11E5E7E24973C0B7F8FD753 /* DiagnosticsView.swift */; };		F11E5E7E01F6B8C8A144FCB1 /* AudioSessionController.swift in Sources */ = {isa = PBXBuildFile; fileRef = F11E5E7E81ADDDE6F27E6819 /* AudioSessionController.swift */; };		F11E5E7ECDB4EFD70A4B9A5F /* OutputArbiter.swift in Sources */ = {isa = PBXBuildFile; fileRef = F11E5E7ECB3526C7F1AF9C5E /* OutputArbiter.swift */; };		F11E5E7E1DA171A8BF1B067E /* AudioRouteMonitor.swift in Sources */ = {isa = PBXBuildFile; fileRef = F11E5E7EC726D1D0BDA680CF /* AudioRouteMonitor.swift */; };		F11E5E7ED86A68CAB9AB7119 /* TranslationProtocols.swift in Sources */ = {isa = PBXBuildFile; fileRef = F11E5E7E9367AB165C6FCE81 /* TranslationProtocols.swift */; };		F11E5E7E84890E136ACAA598 /* WebRTCClient.swift in Sources */ = {isa = PBXBuildFile; fileRef = F11E5E7E2116B141C6B78402 /* WebRTCClient.swift */; };		F11E5E7ECFD6DA42C42493AF /* EventDecoder.swift in Sources */ = {isa = PBXBuildFile; fileRef = F11E5E7E98C5123F61BC0B0B /* EventDecoder.swift */; };		F11E5E7E984D556E8CBCA4A0 /* APIContracts.swift in Sources */ = {isa = PBXBuildFile; fileRef = F11E5E7E7641B7F94037BF24 /* APIContracts.swift */; };		F11E5E7E2B2112EFD11475BA /* BackendClient.swift in Sources */ = {isa = PBXBuildFile; fileRef = F11E5E7E167C7AA9A9072FC3 /* BackendClient.swift */; };		F11E5E7E198C48FF736ED6E6 /* TelemetryClient.swift in Sources */ = {isa = PBXBuildFile; fileRef = F11E5E7EA23D042235CA3728 /* TelemetryClient.swift */; };		F11E5E7E2B2057C785160DE2 /* Redactor.swift in Sources */ = {isa = PBXBuildFile; fileRef = F11E5E7E7F73673571C18F69 /* Redactor.swift */; };		F11E5E7E11859CDB4739E1F7 /* DiagnosticsStore.swift in Sources */ = {isa = PBXBuildFile; fileRef = F11E5E7E79AD36236A63A582 /* DiagnosticsStore.swift */; };		F11E5E7E5B8A11E6DBF87A5F /* Mocks.swift in Sources */ = {isa = PBXBuildFile; fileRef = F11E5E7EB2075C7A32E0E32F /* Mocks.swift */; };		F11E5E7EAF1B4CED258CB701 /* RealtimeTranslatorApp.swift in Sources */ = {isa = PBXBuildFile; fileRef = F11E5E7EEEAC1F9AA1D483AE /* RealtimeTranslatorApp.swift */; };		F11E5E7EA4F486E85CCF33A7 /* ContentView.swift in Sources */ = {isa = PBXBuildFile; fileRef = F11E5E7E52DF76A63F80B788 /* ContentView.swift */; };		F11E5E7ECA65F124E92AECDC /* Assets.xcassets in Resources */ = {isa = PBXBuildFile; fileRef = F11E5E7E718A6D539EC87FC0 /* Assets.xcassets */; };
/* End PBXBuildFile section */

/* Begin PBXFileReference section */
		F11E5E7EB592B8320BC17433 /* AppEnvironment.swift */ = {isa = PBXFileReference; fileEncoding = 4; lastKnownFileType = sourcecode.swift; name = AppEnvironment.swift; path = AppEnvironment.swift; sourceTree = "<group>"; };		F11E5E7EBA8F5B5C15164CE6 /* FeatureFlags.swift */ = {isa = PBXFileReference; fileEncoding = 4; lastKnownFileType = sourcecode.swift; name = FeatureFlags.swift; path = FeatureFlags.swift; sourceTree = "<group>"; };		F11E5E7E5C9F3715DF8C7F36 /* DependencyContainer.swift */ = {isa = PBXFileReference; fileEncoding = 4; lastKnownFileType = sourcecode.swift; name = DependencyContainer.swift; path = DependencyContainer.swift; sourceTree = "<group>"; };		F11E5E7E1EA64111281D82BF /* TranslationModels.swift */ = {isa = PBXFileReference; fileEncoding = 4; lastKnownFileType = sourcecode.swift; name = TranslationModels.swift; path = TranslationModels.swift; sourceTree = "<group>"; };		F11E5E7EA609F2103135E759 /* TranslationSessionStore.swift */ = {isa = PBXFileReference; fileEncoding = 4; lastKnownFileType = sourcecode.swift; name = TranslationSessionStore.swift; path = TranslationSessionStore.swift; sourceTree = "<group>"; };		F11E5E7E5F01EF65DBBFFB0D /* HomeView.swift */ = {isa = PBXFileReference; fileEncoding = 4; lastKnownFileType = sourcecode.swift; name = HomeView.swift; path = HomeView.swift; sourceTree = "<group>"; };		F11E5E7E79087D04D8592E1C /* PreflightView.swift */ = {isa = PBXFileReference; fileEncoding = 4; lastKnownFileType = sourcecode.swift; name = PreflightView.swift; path = PreflightView.swift; sourceTree = "<group>"; };		F11E5E7E96D5E173F19101F3 /* LiveView.swift */ = {isa = PBXFileReference; fileEncoding = 4; lastKnownFileType = sourcecode.swift; name = LiveView.swift; path = LiveView.swift; sourceTree = "<group>"; };		F11E5E7E1BF5A55EB8A3D7FA /* ResultView.swift */ = {isa = PBXFileReference; fileEncoding = 4; lastKnownFileType = sourcecode.swift; name = ResultView.swift; path = ResultView.swift; sourceTree = "<group>"; };		F11E5E7E24973C0B7F8FD753 /* DiagnosticsView.swift */ = {isa = PBXFileReference; fileEncoding = 4; lastKnownFileType = sourcecode.swift; name = DiagnosticsView.swift; path = DiagnosticsView.swift; sourceTree = "<group>"; };		F11E5E7E81ADDDE6F27E6819 /* AudioSessionController.swift */ = {isa = PBXFileReference; fileEncoding = 4; lastKnownFileType = sourcecode.swift; name = AudioSessionController.swift; path = AudioSessionController.swift; sourceTree = "<group>"; };		F11E5E7ECB3526C7F1AF9C5E /* OutputArbiter.swift */ = {isa = PBXFileReference; fileEncoding = 4; lastKnownFileType = sourcecode.swift; name = OutputArbiter.swift; path = OutputArbiter.swift; sourceTree = "<group>"; };		F11E5E7EC726D1D0BDA680CF /* AudioRouteMonitor.swift */ = {isa = PBXFileReference; fileEncoding = 4; lastKnownFileType = sourcecode.swift; name = AudioRouteMonitor.swift; path = AudioRouteMonitor.swift; sourceTree = "<group>"; };		F11E5E7E9367AB165C6FCE81 /* TranslationProtocols.swift */ = {isa = PBXFileReference; fileEncoding = 4; lastKnownFileType = sourcecode.swift; name = TranslationProtocols.swift; path = TranslationProtocols.swift; sourceTree = "<group>"; };		F11E5E7E2116B141C6B78402 /* WebRTCClient.swift */ = {isa = PBXFileReference; fileEncoding = 4; lastKnownFileType = sourcecode.swift; name = WebRTCClient.swift; path = WebRTCClient.swift; sourceTree = "<group>"; };		F11E5E7E98C5123F61BC0B0B /* EventDecoder.swift */ = {isa = PBXFileReference; fileEncoding = 4; lastKnownFileType = sourcecode.swift; name = EventDecoder.swift; path = EventDecoder.swift; sourceTree = "<group>"; };		F11E5E7E7641B7F94037BF24 /* APIContracts.swift */ = {isa = PBXFileReference; fileEncoding = 4; lastKnownFileType = sourcecode.swift; name = APIContracts.swift; path = APIContracts.swift; sourceTree = "<group>"; };		F11E5E7E167C7AA9A9072FC3 /* BackendClient.swift */ = {isa = PBXFileReference; fileEncoding = 4; lastKnownFileType = sourcecode.swift; name = BackendClient.swift; path = BackendClient.swift; sourceTree = "<group>"; };		F11E5E7EA23D042235CA3728 /* TelemetryClient.swift */ = {isa = PBXFileReference; fileEncoding = 4; lastKnownFileType = sourcecode.swift; name = TelemetryClient.swift; path = TelemetryClient.swift; sourceTree = "<group>"; };		F11E5E7E7F73673571C18F69 /* Redactor.swift */ = {isa = PBXFileReference; fileEncoding = 4; lastKnownFileType = sourcecode.swift; name = Redactor.swift; path = Redactor.swift; sourceTree = "<group>"; };		F11E5E7E79AD36236A63A582 /* DiagnosticsStore.swift */ = {isa = PBXFileReference; fileEncoding = 4; lastKnownFileType = sourcecode.swift; name = DiagnosticsStore.swift; path = DiagnosticsStore.swift; sourceTree = "<group>"; };		F11E5E7EB2075C7A32E0E32F /* Mocks.swift */ = {isa = PBXFileReference; fileEncoding = 4; lastKnownFileType = sourcecode.swift; name = Mocks.swift; path = Mocks.swift; sourceTree = "<group>"; };		F11E5E7EEEAC1F9AA1D483AE /* RealtimeTranslatorApp.swift */ = {isa = PBXFileReference; fileEncoding = 4; lastKnownFileType = sourcecode.swift; name = RealtimeTranslatorApp.swift; path = RealtimeTranslatorApp.swift; sourceTree = "<group>"; };		F11E5E7E52DF76A63F80B788 /* ContentView.swift */ = {isa = PBXFileReference; fileEncoding = 4; lastKnownFileType = sourcecode.swift; name = ContentView.swift; path = ContentView.swift; sourceTree = "<group>"; };		F11E5E7EC3D0B494A6ACBC3A /* Info.plist */ = {isa = PBXFileReference; fileEncoding = 4; lastKnownFileType = text.plist.xml; name = Info.plist; path = Info.plist; sourceTree = "<group>"; };		F11E5E7E0B89AE11B873D946 /* Contents.json */ = {isa = PBXFileReference; fileEncoding = 4; lastKnownFileType = text.json; name = Contents.json; path = Contents.json; sourceTree = "<group>"; };		F11E5E7E51E31E8A23C82C84 /* Contents.json */ = {isa = PBXFileReference; fileEncoding = 4; lastKnownFileType = text.json; name = Contents.json; path = Contents.json; sourceTree = "<group>"; };		F11E5E7E718A6D539EC87FC0 /* Assets.xcassets */ = {isa = PBXFileReference; lastKnownFileType = folder.assetcatalog; name = Assets.xcassets; path = RealtimeTranslator/Assets.xcassets; sourceTree = "<group>"; };
		F11E5E7EEF6E575659BCF44E /* RealtimeTranslator.app */ = {isa = PBXFileReference; explicitFileType = wrapper.application; includeInIndex = 0; path = RealtimeTranslator.app; sourceTree = BUILT_PRODUCTS_DIR; };
/* End PBXFileReference section */

/* Begin PBXFrameworksBuildPhase section */
		F11E5E7EB804F492588F3A2B /* Frameworks */ = {
			isa = PBXFrameworksBuildPhase;
			buildActionMask = 2147483647;
			files = (
			);
			runOnlyForDeploymentPostprocessing = 0;
		};
/* End PBXFrameworksBuildPhase section */

/* Begin PBXGroup section */

		F11E5E7EE8F5E96E15EE6EF3 = {
			isa = PBXGroup;
			children = (
				F11E5E7EC5491040B30917D8 /* RealtimeTranslator */,
				F11E5E7E942A9A1A63793D61 /* Products */,
			);
			sourceTree = "<group>";
		};
		F11E5E7EC5491040B30917D8 = {
			isa = PBXGroup;
			children = (
				F11E5E7E4D886D9273E527EF /* AppCore */,
				F11E5E7ED14A6DEBF4793273 /* TranslationDomain */,
				F11E5E7E903D5169CA07B564 /* TranslationUI */,
				F11E5E7E91C5377AC154E66F /* Audio */,
				F11E5E7E0D3A6651D18B7C36 /* RealtimeTransport */,
				F11E5E7E6A230F83E8FE27DD /* BackendClient */,
				F11E5E7E455B8B22E259E08B /* Telemetry */,
				F11E5E7E9E82BEF1A2F79EA1 /* Diagnostics */,
				F11E5E7ED9DB8C71E76E8C3C /* TestSupport */,
				F11E5E7EEEAC1F9AA1D483AE /* RealtimeTranslatorApp.swift */,				F11E5E7E52DF76A63F80B788 /* ContentView.swift */,				F11E5E7EC3D0B494A6ACBC3A /* Info.plist */,				F11E5E7E0B89AE11B873D946 /* Contents.json */,				F11E5E7E51E31E8A23C82C84 /* Contents.json */,				F11E5E7E718A6D539EC87FC0 /* Assets.xcassets */,
			);
			name = RealtimeTranslator;
			path = RealtimeTranslator;
			sourceTree = "<group>";
		};
		F11E5E7E4D886D9273E527EF = {
			isa = PBXGroup;
			children = (
				F11E5E7EB592B8320BC17433 /* AppEnvironment.swift */,				F11E5E7EBA8F5B5C15164CE6 /* FeatureFlags.swift */,				F11E5E7E5C9F3715DF8C7F36 /* DependencyContainer.swift */,
			);
			name = AppCore;
			path = AppCore;
			sourceTree = "<group>";
		};
		F11E5E7ED14A6DEBF4793273 = {
			isa = PBXGroup;
			children = (
				F11E5E7E1EA64111281D82BF /* TranslationModels.swift */,				F11E5E7EA609F2103135E759 /* TranslationSessionStore.swift */,
			);
			name = TranslationDomain;
			path = TranslationDomain;
			sourceTree = "<group>";
		};
		F11E5E7E903D5169CA07B564 = {
			isa = PBXGroup;
			children = (
				F11E5E7E5F01EF65DBBFFB0D /* HomeView.swift */,				F11E5E7E79087D04D8592E1C /* PreflightView.swift */,				F11E5E7E96D5E173F19101F3 /* LiveView.swift */,				F11E5E7E1BF5A55EB8A3D7FA /* ResultView.swift */,				F11E5E7E24973C0B7F8FD753 /* DiagnosticsView.swift */,
			);
			name = TranslationUI;
			path = TranslationUI;
			sourceTree = "<group>";
		};
		F11E5E7E91C5377AC154E66F = {
			isa = PBXGroup;
			children = (
				F11E5E7E81ADDDE6F27E6819 /* AudioSessionController.swift */,				F11E5E7ECB3526C7F1AF9C5E /* OutputArbiter.swift */,				F11E5E7EC726D1D0BDA680CF /* AudioRouteMonitor.swift */,
			);
			name = Audio;
			path = Audio;
			sourceTree = "<group>";
		};
		F11E5E7E0D3A6651D18B7C36 = {
			isa = PBXGroup;
			children = (
				F11E5E7E9367AB165C6FCE81 /* TranslationProtocols.swift */,				F11E5E7E2116B141C6B78402 /* WebRTCClient.swift */,				F11E5E7E98C5123F61BC0B0B /* EventDecoder.swift */,
			);
			name = RealtimeTransport;
			path = RealtimeTransport;
			sourceTree = "<group>";
		};
		F11E5E7E6A230F83E8FE27DD = {
			isa = PBXGroup;
			children = (
				F11E5E7E7641B7F94037BF24 /* APIContracts.swift */,				F11E5E7E167C7AA9A9072FC3 /* BackendClient.swift */,
			);
			name = BackendClient;
			path = BackendClient;
			sourceTree = "<group>";
		};
		F11E5E7E455B8B22E259E08B = {
			isa = PBXGroup;
			children = (
				F11E5E7EA23D042235CA3728 /* TelemetryClient.swift */,				F11E5E7E7F73673571C18F69 /* Redactor.swift */,
			);
			name = Telemetry;
			path = Telemetry;
			sourceTree = "<group>";
		};
		F11E5E7E9E82BEF1A2F79EA1 = {
			isa = PBXGroup;
			children = (
				F11E5E7E79AD36236A63A582 /* DiagnosticsStore.swift */,
			);
			name = Diagnostics;
			path = Diagnostics;
			sourceTree = "<group>";
		};
		F11E5E7ED9DB8C71E76E8C3C = {
			isa = PBXGroup;
			children = (
				F11E5E7EB2075C7A32E0E32F /* Mocks.swift */,
			);
			name = TestSupport;
			path = TestSupport;
			sourceTree = "<group>";
		};
		F11E5E7E942A9A1A63793D61 /* Products */ = {
			isa = PBXGroup;
			children = (
				F11E5E7EEF6E575659BCF44E /* RealtimeTranslator.app */,
			);
			name = Products;
			sourceTree = "<group>";
		};

/* End PBXGroup section */

/* Begin PBXNativeTarget section */
		F11E5E7E34A04005BCAF206E /* RealtimeTranslator */ = {
			isa = PBXNativeTarget;
			buildConfigurationList = F11E5E7E0F430E64A5C6B10D /* Build configuration list for PBXNativeTarget "RealtimeTranslator" */;
			buildPhases = (
				F11E5E7EA8845CE5F531D368 /* Sources */,
				F11E5E7EB804F492588F3A2B /* Frameworks */,
				F11E5E7E8E8A406124A99A2C /* Resources */,
			);
			buildRules = (
			);
			dependencies = (
			);
			name = RealtimeTranslator;
			productName = RealtimeTranslator;
			productReference = F11E5E7EEF6E575659BCF44E /* RealtimeTranslator.app */;
			productType = "com.apple.product-type.application";
		};
/* End PBXNativeTarget section */

/* Begin PBXProject section */
		F11E5E7E244210E48437B655 /* Project object */ = {
			isa = PBXProject;
			attributes = {
				LastSwiftUpdateCheck = 1500;
				LastUpgradeCheck = 1500;
				TargetAttributes = {
					F11E5E7E34A04005BCAF206E = {
						CreatedOnToolsVersion = 15.0;
					};
				};
			};
			buildConfigurationList = F11E5E7E8BE2E4DAE5CFDAEF /* Build configuration list for PBXProject "RealtimeTranslator" */;
			compatibilityVersion = "Xcode 14.0";
			developmentRegion = en;
			hasScannedForEncodings = 0;
			knownRegions = (
				en,
				Base,
			);
			mainGroup = F11E5E7EE8F5E96E15EE6EF3;
			productRefGroup = F11E5E7E942A9A1A63793D61 /* Products */;
			projectDirPath = "";
			projectRoot = "";
			targets = (
				F11E5E7E34A04005BCAF206E /* RealtimeTranslator */,
			);
		};
/* End PBXProject section */

/* Begin PBXResourcesBuildPhase section */
		F11E5E7E8E8A406124A99A2C /* Resources */ = {
			isa = PBXResourcesBuildPhase;
			buildActionMask = 2147483647;
			files = (
				F11E5E7ECA65F124E92AECDC /* Assets.xcassets in Resources */,
			);
			runOnlyForDeploymentPostprocessing = 0;
		};
/* End PBXResourcesBuildPhase section */

/* Begin PBXSourcesBuildPhase section */
		F11E5E7EA8845CE5F531D368 /* Sources */ = {
			isa = PBXSourcesBuildPhase;
			buildActionMask = 2147483647;
			files = (
				F11E5E7ED3A63BEE8225731A /* AppEnvironment.swift in Sources */,				F11E5E7E1D589697F5D4B27A /* FeatureFlags.swift in Sources */,				F11E5E7E1BB6E0BCB6F65213 /* DependencyContainer.swift in Sources */,				F11E5E7EB0B4327419365BC8 /* TranslationModels.swift in Sources */,				F11E5E7EB31BA8E4A72EED98 /* TranslationSessionStore.swift in Sources */,				F11E5E7E966238A3FFC0552D /* HomeView.swift in Sources */,				F11E5E7E0C21690A1AA9CE6D /* PreflightView.swift in Sources */,				F11E5E7E07870028C04057A3 /* LiveView.swift in Sources */,				F11E5E7E4ED83D9AF9BCB1DC /* ResultView.swift in Sources */,				F11E5E7E94C6B4B9790B2B84 /* DiagnosticsView.swift in Sources */,				F11E5E7E01F6B8C8A144FCB1 /* AudioSessionController.swift in Sources */,				F11E5E7ECDB4EFD70A4B9A5F /* OutputArbiter.swift in Sources */,				F11E5E7E1DA171A8BF1B067E /* AudioRouteMonitor.swift in Sources */,				F11E5E7ED86A68CAB9AB7119 /* TranslationProtocols.swift in Sources */,				F11E5E7E84890E136ACAA598 /* WebRTCClient.swift in Sources */,				F11E5E7ECFD6DA42C42493AF /* EventDecoder.swift in Sources */,				F11E5E7E984D556E8CBCA4A0 /* APIContracts.swift in Sources */,				F11E5E7E2B2112EFD11475BA /* BackendClient.swift in Sources */,				F11E5E7E198C48FF736ED6E6 /* TelemetryClient.swift in Sources */,				F11E5E7E2B2057C785160DE2 /* Redactor.swift in Sources */,				F11E5E7E11859CDB4739E1F7 /* DiagnosticsStore.swift in Sources */,				F11E5E7E5B8A11E6DBF87A5F /* Mocks.swift in Sources */,				F11E5E7EAF1B4CED258CB701 /* RealtimeTranslatorApp.swift in Sources */,				F11E5E7EA4F486E85CCF33A7 /* ContentView.swift in Sources */,
			);
			runOnlyForDeploymentPostprocessing = 0;
		};
/* End PBXSourcesBuildPhase section */

/* Begin XCBuildConfiguration section */
		F11E5E7EE701C44017DFE285 /* Debug */ = {
			isa = XCBuildConfiguration;
			buildSettings = {
				ALWAYS_SEARCH_USER_PATHS = NO;
				ASSETCATALOG_COMPILER_GENERATE_SWIFT_ASSET_SYMBOL_EXTENSIONS = YES;
				CLANG_ANALYZER_NONNULL = YES;
				CLANG_ANALYZER_NUMBER_OBJECT_CONVERSION = YES_AGGRESSIVE;
				CLANG_CXX_LANGUAGE_STANDARD = "gnu++20";
				CLANG_ENABLE_MODULES = YES;
				CLANG_ENABLE_OBJC_ARC = YES;
				CLANG_ENABLE_OBJC_WEAK = YES;
				CLANG_WARN_BLOCK_CAPTURE_AUTORELEASING = YES;
				CLANG_WARN_BOOL_CONVERSION = YES;
				CLANG_WARN_COMMA = YES;
				CLANG_WARN_CONSTANT_CONVERSION = YES;
				CLANG_WARN_DEPRECATED_OBJC_IMPLEMENTATIONS = YES;
				CLANG_WARN_DIRECT_OBJC_PREDICATE_IMPROVER = YES;
				CLANG_WARN_DOCUMENTATION_COMMENTS = YES;
				CLANG_WARN_EMPTY_BODY = YES;
				CLANG_WARN_ENUM_CONVERSION = YES;
				CLANG_WARN_INFINITE_RECURSION = YES;
				CLANG_WARN_INT_CONVERSION = YES;
				CLANG_WARN_NON_LITERAL_NULL_CONVERSION = YES;
				CLANG_WARN_OBJC_IMPLICIT_RETAIN_SELF = YES;
				CLANG_WARN_OBJC_LITERAL_CONVERSION = YES;
				CLANG_WARN_OBJC_ROOT_CLASS = YES_ERROR;
				CLANG_WARN_QUOTED_INCLUDE_IN_FRAMEWORK_HEADER = YES;
				CLANG_WARN_RANGE_LOOP_ANALYSIS = YES;
				CLANG_WARN_STRICT_PROTOTYPES = YES;
				CLANG_WARN_SUSPICIOUS_MOVE = YES;
				CLANG_WARN_UNGUARDED_AVAILABILITY = YES_AGGRESSIVE;
				CLANG_WARN_UNREACHABLE_CODE = YES;
				CLANG_WARN__DUPLICATE_METHOD_MATCH = YES;
				COPY_PHASE_STRIP = NO;
				DEBUG_INFORMATION_FORMAT = dwarf;
				ENABLE_STRICT_OBJC_MSGSEND = YES;
				ENABLE_TESTABILITY = YES;
				ENABLE_USER_SCRIPT_SANDBOXING = YES;
				GCC_C_LANGUAGE_STANDARD = gnu17;
				GCC_DYNAMIC_NO_PIC = NO;
				GCC_NO_COMMON_BLOCKS = YES;
				GCC_OPTIMIZATION_LEVEL = 0;
				GCC_PREPROCESSOR_DEFINITIONS = (
					"DEBUG=1",
					"$(inherited)",
				);
				GCC_WARN_64_TO_32_BIT_CONVERSION = YES;
				GCC_WARN_ABOUT_RETURN_TYPE = YES_ERROR;
				GCC_WARN_UNDECLARED_SELECTOR = YES;
				GCC_WARN_UNINITIALIZED_ACTUAL = YES_AGGRESSIVE;
				GCC_WARN_UNUSED_FUNCTION = YES;
				GCC_WARN_UNUSED_VARIABLE = YES;
				IPHONEOS_DEPLOYMENT_TARGET = 18.0;
				MTL_ENABLE_DEBUG_INFO = INCLUDE_SOURCE;
				MTL_FAST_MATH = YES;
				ONLY_ACTIVE_ARCH = YES;
				SDKROOT = iphoneos;
				SWIFT_ACTIVE_COMPILATION_CONDITIONS = "DEBUG $(inherited)";
				SWIFT_OPTIMIZATION_LEVEL = "-Onone";
			};
			name = Debug;
		};
		F11E5E7EBA572D9361866EAB /* Release */ = {
			isa = XCBuildConfiguration;
			buildSettings = {
				ALWAYS_SEARCH_USER_PATHS = NO;
				ASSETCATALOG_COMPILER_GENERATE_SWIFT_ASSET_SYMBOL_EXTENSIONS = YES;
				CLANG_ANALYZER_NONNULL = YES;
				CLANG_ANALYZER_NUMBER_OBJECT_CONVERSION = YES_AGGRESSIVE;
				CLANG_CXX_LANGUAGE_STANDARD = "gnu++20";
				CLANG_ENABLE_MODULES = YES;
				CLANG_ENABLE_OBJC_ARC = YES;
				CLANG_ENABLE_OBJC_WEAK = YES;
				CLANG_WARN_BLOCK_CAPTURE_AUTORELEASING = YES;
				CLANG_WARN_BOOL_CONVERSION = YES;
				CLANG_WARN_COMMA = YES;
				CLANG_WARN_CONSTANT_CONVERSION = YES;
				CLANG_WARN_DEPRECATED_OBJC_IMPLEMENTATIONS = YES;
				CLANG_WARN_DIRECT_OBJC_PREDICATE_IMPROVER = YES;
				CLANG_WARN_DOCUMENTATION_COMMENTS = YES;
				CLANG_WARN_EMPTY_BODY = YES;
				CLANG_WARN_ENUM_CONVERSION = YES;
				CLANG_WARN_INFINITE_RECURSION = YES;
				CLANG_WARN_INT_CONVERSION = YES;
				CLANG_WARN_NON_LITERAL_NULL_CONVERSION = YES;
				CLANG_WARN_OBJC_IMPLICIT_RETAIN_SELF = YES;
				CLANG_WARN_OBJC_LITERAL_CONVERSION = YES;
				CLANG_WARN_OBJC_ROOT_CLASS = YES_ERROR;
				CLANG_WARN_QUOTED_INCLUDE_IN_FRAMEWORK_HEADER = YES;
				CLANG_WARN_RANGE_LOOP_ANALYSIS = YES;
				CLANG_WARN_STRICT_PROTOTYPES = YES;
				CLANG_WARN_SUSPICIOUS_MOVE = YES;
				CLANG_WARN_UNGUARDED_AVAILABILITY = YES_AGGRESSIVE;
				CLANG_WARN_UNREACHABLE_CODE = YES;
				CLANG_WARN__DUPLICATE_METHOD_MATCH = YES;
				COPY_PHASE_STRIP = YES;
				DEBUG_INFORMATION_FORMAT = "dwarf-with-dsym";
				ENABLE_NS_ASSERTIONS = NO;
				ENABLE_STRICT_OBJC_MSGSEND = YES;
				ENABLE_USER_SCRIPT_SANDBOXING = YES;
				GCC_C_LANGUAGE_STANDARD = gnu17;
				GCC_NO_COMMON_BLOCKS = YES;
				GCC_WARN_64_TO_32_BIT_CONVERSION = YES;
				GCC_WARN_ABOUT_RETURN_TYPE = YES_ERROR;
				GCC_WARN_UNDECLARED_SELECTOR = YES;
				GCC_WARN_UNINITIALIZED_ACTUAL = YES_AGGRESSIVE;
				GCC_WARN_UNUSED_FUNCTION = YES;
				GCC_WARN_UNUSED_VARIABLE = YES;
				IPHONEOS_DEPLOYMENT_TARGET = 18.0;
				MTL_ENABLE_DEBUG_INFO = NO;
				MTL_FAST_MATH = YES;
				SDKROOT = iphoneos;
				SWIFT_COMPILATION_MODE = wholemodule;
				VALIDATE_PRODUCT = YES;
			};
			name = Release;
		};
		F11E5E7E61ECDC4E0B5DFFF4 /* Debug */ = {
			isa = XCBuildConfiguration;
			buildSettings = {
				ASSETCATALOG_COMPILER_APPICON_NAME = AppIcon;
				ASSETCATALOG_COMPILER_GLOBAL_ACCENT_COLOR_NAME = AccentColor;
				CODE_SIGN_STYLE = Automatic;
				CURRENT_PROJECT_VERSION = 1;
				DEVELOPMENT_ASSET_PATHS = "";
				ENABLE_PREVIEWS = YES;
				INFOPLIST_FILE = RealtimeTranslator/Info.plist;
				LD_RUNPATH_SEARCH_PATHS = (
					"$(inherited)",
					"@executable_path/Frameworks",
				);
				MARKETING_VERSION = 1.0;
				PRODUCT_BUNDLE_IDENTIFIER = com.yergakon.RealtimeTranslator;
				PRODUCT_NAME = "$(TARGET_NAME)";
				SWIFT_EMIT_LOC_STRINGS = YES;
				SWIFT_VERSION = 5.0;
				TARGETED_DEVICE_FAMILY = 1;
			};
			name = Debug;
		};
		F11E5E7EA1FAF4AF10E09769 /* Release */ = {
			isa = XCBuildConfiguration;
			buildSettings = {
				ASSETCATALOG_COMPILER_APPICON_NAME = AppIcon;
				ASSETCATALOG_COMPILER_GLOBAL_ACCENT_COLOR_NAME = AccentColor;
				CODE_SIGN_STYLE = Automatic;
				CURRENT_PROJECT_VERSION = 1;
				DEVELOPMENT_ASSET_PATHS = "";
				ENABLE_PREVIEWS = YES;
				INFOPLIST_FILE = RealtimeTranslator/Info.plist;
				LD_RUNPATH_SEARCH_PATHS = (
					"$(inherited)",
					"@executable_path/Frameworks",
				);
				MARKETING_VERSION = 1.0;
				PRODUCT_BUNDLE_IDENTIFIER = com.yergakon.RealtimeTranslator;
				PRODUCT_NAME = "$(TARGET_NAME)";
				SWIFT_EMIT_LOC_STRINGS = YES;
				SWIFT_VERSION = 5.0;
				TARGETED_DEVICE_FAMILY = 1;
			};
			name = Release;
		};
/* End XCBuildConfiguration section */

/* Begin XCConfigurationList section */
		F11E5E7E8BE2E4DAE5CFDAEF /* Build configuration list for PBXProject "RealtimeTranslator" */ = {
			isa = XCConfigurationList;
			buildConfigurations = (
				F11E5E7EE701C44017DFE285 /* Debug */,
				F11E5E7EBA572D9361866EAB /* Release */,
			);
			defaultConfigurationIsVisible = 0;
			defaultConfigurationName = Release;
		};
		F11E5E7E0F430E64A5C6B10D /* Build configuration list for PBXNativeTarget "RealtimeTranslator" */ = {
			isa = XCConfigurationList;
			buildConfigurations = (
				F11E5E7E61ECDC4E0B5DFFF4 /* Debug */,
				F11E5E7EA1FAF4AF10E09769 /* Release */,
			);
			defaultConfigurationIsVisible = 0;
			defaultConfigurationName = Release;
		};
/* End XCConfigurationList section */
	};
	rootObject = F11E5E7E244210E48437B655 /* Project object */;
}
